
Microsoft Visual Studio Solution File, Format Version 12.00
# Visual Studio Version 16
VisualStudioVersion = 16.0.30717.126
MinimumVisualStudioVersion = 10.0.40219.1
Project("{FAE04EC0-301F-11D3-BF4B-00C04F79EFBC}") = "Cambios", "Cambios\Cambios.csproj", "{39054EBD-F060-46C8-988B-BA33280F2E71}"
EndProject
Global
	GlobalSection(SolutionConfigurationPlatforms) = preSolution
		Debug|Any CPU = Debug|Any CPU
		Release|Any CPU = Release|Any CPU
	EndGlobalSection
	GlobalSection(ProjectConfigurationPlatforms) = postSolution
		{39054EBD-F060-46C8-988B-BA33280F2E71}.Debug|Any CPU.ActiveCfg = Debug|Any CPU
		{39054EBD-F060-46C8-988B-BA33280F2E71}.Debug|Any CPU.Build.0 = Debug|Any CPU
		{39054EBD-F060-46C8-988B-BA33280F2E71}.Release|Any CPU.ActiveCfg = Release|Any CPU
		{39054EBD-F060-46C8-988B-BA33280F2E71}.Release|Any CPU.Build.0 = Release|Any CPU
	EndGlobalSection
	GlobalSection(SolutionProperties) = preSolution
		HideSolutionNode = FALSE
	EndGlobalSection
	GlobalSection(ExtensibilityGlobals) = postSolution
		SolutionGuid = {C5FC1E96-ED3E-4956-B3FD-CC559908E0C4}
	EndGlobalSection
EndGlobal
